
Microsoft Visual Studio Solution File, Format Version 12.00
# Visual Studio Version 17
VisualStudioVersion = 17.8.34316.72
MinimumVisualStudioVersion = 10.0.40219.1
Project("{FAE04EC0-301F-11D3-BF4B-00C04F79EFBC}") = "app_desafio", "app_desafio\app_desafio.csproj", "{B30945B4-B22B-43DD-8B85-892C19679925}"
EndProject
Global
	GlobalSection(SolutionConfigurationPlatforms) = preSolution
		Debug|Any CPU = Debug|Any CPU
		Release|Any CPU = Release|Any CPU
	EndGlobalSection
	GlobalSection(ProjectConfigurationPlatforms) = postSolution
		{B30945B4-B22B-43DD-8B85-892C19679925}.Debug|Any CPU.ActiveCfg = Debug|Any CPU
		{B30945B4-B22B-43DD-8B85-892C19679925}.Debug|Any CPU.Build.0 = Debug|Any CPU
		{B30945B4-B22B-43DD-8B85-892C19679925}.Release|Any CPU.ActiveCfg = Release|Any CPU
		{B30945B4-B22B-43DD-8B85-892C19679925}.Release|Any CPU.Build.0 = Release|Any CPU
	EndGlobalSection
	GlobalSection(SolutionProperties) = preSolution
		HideSolutionNode = FALSE
	EndGlobalSection
	GlobalSection(ExtensibilityGlobals) = postSolution
		SolutionGuid = {D4D5FE11-7254-48B5-B53E-FB0B402C99D3}
	EndGlobalSection
EndGlobal
